
Microsoft Visual Studio Solution File, Format Version 9.00
# Visual C++ Express 2005
Project("{8BC9CEB8-8B4A-11D0-8D11-00A0C91BC942}") = "tiled_shading_demo", "tiled_shading_demo_vc2005.vcproj", "{008B1F56-5191-45CE-BA3D-291CB1BB6618}"
EndProject
Global
	GlobalSection(SolutionConfigurationPlatforms) = preSolution
		Debug|Win32 = Debug|Win32
		Release|Win32 = Release|Win32
	EndGlobalSection
	GlobalSection(ProjectConfigurationPlatforms) = postSolution
		{008B1F56-5191-45CE-BA3D-291CB1BB6618}.Debug|Win32.ActiveCfg = Debug|Win32
		{008B1F56-5191-45CE-BA3D-291CB1BB6618}.Debug|Win32.Build.0 = Debug|Win32
		{008B1F56-5191-45CE-BA3D-291CB1BB6618}.Release|Win32.ActiveCfg = Release|Win32
		{008B1F56-5191-45CE-BA3D-291CB1BB6618}.Release|Win32.Build.0 = Release|Win32
	EndGlobalSection
	GlobalSection(SolutionProperties) = preSolution
		HideSolutionNode = FALSE
	EndGlobalSection
EndGlobal
